
Microsoft Visual Studio Solution File, Format Version 12.00
# Visual Studio Version 17
VisualStudioVersion = 17.11.35303.130
MinimumVisualStudioVersion = 10.0.40219.1
Project("{2150E333-8FDC-42A3-9474-1A3956D46DE8}") = "Services", "Services", "{5064D873-5CC4-486D-A13E-CC92807DDACC}"
EndProject
Project("{2150E333-8FDC-42A3-9474-1A3956D46DE8}") = "FrontEnd", "FrontEnd", "{2CCDDB0F-0523-4D86-977B-5EF68C1E9D66}"
EndProject
Project("{2150E333-8FDC-42A3-9474-1A3956D46DE8}") = "Integration", "Integration", "{F7486B40-DA80-4473-9529-58562AF42B8F}"
EndProject
Project("{2150E333-8FDC-42A3-9474-1A3956D46DE8}") = "GateWay", "GateWay", "{FF9E5EEA-7898-4773-96C6-1C0FE5A3FDA0}"
EndProject
Project("{9A19103F-16F7-4668-BE54-9A1E7A4F7556}") = "JpsStreet.Services.CouponApi", "Jpsstreet.Services.CouponApi\JpsStreet.Services.CouponApi.csproj", "{110EBD53-72AB-4FAD-B01C-8DFED60D1FE7}"
EndProject
Project("{9A19103F-16F7-4668-BE54-9A1E7A4F7556}") = "JpsStreet.Web", "JpsStreet.Web\JpsStreet.Web.csproj", "{D285AAF4-250D-4941-880D-8473E7334F4B}"
EndProject
Project("{9A19103F-16F7-4668-BE54-9A1E7A4F7556}") = "JpsStreet.Services.AuthApi", "JpsStreet.Services.AuthApi\JpsStreet.Services.AuthApi.csproj", "{7B29907D-7143-4BD4-A904-AFDAD63BAB3F}"
EndProject
Project("{9A19103F-16F7-4668-BE54-9A1E7A4F7556}") = "JpsStreet.Services.ProductApi", "JpsStreet.Services.ProductApi\JpsStreet.Services.ProductApi.csproj", "{6A4C1C81-EF0F-48FD-BE75-64E84683DF4B}"
EndProject
Project("{9A19103F-16F7-4668-BE54-9A1E7A4F7556}") = "JpsStreet.Services.ShoppingCartApi", "JpsStreet.Services.ShoppingCartApi\JpsStreet.Services.ShoppingCartApi.csproj", "{ECDDD365-5F70-464F-93AE-1ACACD38C56F}"
EndProject
Project("{9A19103F-16F7-4668-BE54-9A1E7A4F7556}") = "JpsStreet.Message.RabbiMQ", "JpsStreet.Message.RabbiMQ\JpsStreet.Message.RabbiMQ.csproj", "{0C93B580-099B-405A-BC26-7CF2031601D7}"
EndProject
Project("{9A19103F-16F7-4668-BE54-9A1E7A4F7556}") = "JpsStreet.Services.EmailApi", "JpsStreet.Services.EmailApi\JpsStreet.Services.EmailApi.csproj", "{698B5D91-32D5-4A98-A28A-8DF2A621B01D}"
EndProject
Project("{9A19103F-16F7-4668-BE54-9A1E7A4F7556}") = "JpsStreet.Services.OrderApi", "JpsStreet.Services.OrderApi\JpsStreet.Services.OrderApi.csproj", "{30F444F6-9CA3-43F4-AB74-5AE909C35D21}"
EndProject
Project("{FAE04EC0-301F-11D3-BF4B-00C04F79EFBC}") = "JpsStreet.Gateway", "JpsStreet.Gateway\JpsStreet.Gateway.csproj", "{DB875100-2F3B-493A-9630-AB02F7529C49}"
EndProject
Global
	GlobalSection(SolutionConfigurationPlatforms) = preSolution
		Debug|Any CPU = Debug|Any CPU
		Release|Any CPU = Release|Any CPU
	EndGlobalSection
	GlobalSection(ProjectConfigurationPlatforms) = postSolution
		{110EBD53-72AB-4FAD-B01C-8DFED60D1FE7}.Debug|Any CPU.ActiveCfg = Debug|Any CPU
		{110EBD53-72AB-4FAD-B01C-8DFED60D1FE7}.Debug|Any CPU.Build.0 = Debug|Any CPU
		{110EBD53-72AB-4FAD-B01C-8DFED60D1FE7}.Release|Any CPU.ActiveCfg = Release|Any CPU
		{110EBD53-72AB-4FAD-B01C-8DFED60D1FE7}.Release|Any CPU.Build.0 = Release|Any CPU
		{D285AAF4-250D-4941-880D-8473E7334F4B}.Debug|Any CPU.ActiveCfg = Debug|Any CPU
		{D285AAF4-250D-4941-880D-8473E7334F4B}.Debug|Any CPU.Build.0 = Debug|Any CPU
		{D285AAF4-250D-4941-880D-8473E7334F4B}.Release|Any CPU.ActiveCfg = Release|Any CPU
		{D285AAF4-250D-4941-880D-8473E7334F4B}.Release|Any CPU.Build.0 = Release|Any CPU
		{7B29907D-7143-4BD4-A904-AFDAD63BAB3F}.Debug|Any CPU.ActiveCfg = Debug|Any CPU
		{7B29907D-7143-4BD4-A904-AFDAD63BAB3F}.Debug|Any CPU.Build.0 = Debug|Any CPU
		{7B29907D-7143-4BD4-A904-AFDAD63BAB3F}.Release|Any CPU.ActiveCfg = Release|Any CPU
		{7B29907D-7143-4BD4-A904-AFDAD63BAB3F}.Release|Any CPU.Build.0 = Release|Any CPU
		{6A4C1C81-EF0F-48FD-BE75-64E84683DF4B}.Debug|Any CPU.ActiveCfg = Debug|Any CPU
		{6A4C1C81-EF0F-48FD-BE75-64E84683DF4B}.Debug|Any CPU.Build.0 = Debug|Any CPU
		{6A4C1C81-EF0F-48FD-BE75-64E84683DF4B}.Release|Any CPU.ActiveCfg = Release|Any CPU
		{6A4C1C81-EF0F-48FD-BE75-64E84683DF4B}.Release|Any CPU.Build.0 = Release|Any CPU
		{ECDDD365-5F70-464F-93AE-1ACACD38C56F}.Debug|Any CPU.ActiveCfg = Debug|Any CPU
		{ECDDD365-5F70-464F-93AE-1ACACD38C56F}.Debug|Any CPU.Build.0 = Debug|Any CPU
		{ECDDD365-5F70-464F-93AE-1ACACD38C56F}.Release|Any CPU.ActiveCfg = Release|Any CPU
		{ECDDD365-5F70-464F-93AE-1ACACD38C56F}.Release|Any CPU.Build.0 = Release|Any CPU
		{0C93B580-099B-405A-BC26-7CF2031601D7}.Debug|Any CPU.ActiveCfg = Debug|Any CPU
		{0C93B580-099B-405A-BC26-7CF2031601D7}.Debug|Any CPU.Build.0 = Debug|Any CPU
		{0C93B580-099B-405A-BC26-7CF2031601D7}.Release|Any CPU.ActiveCfg = Release|Any CPU
		{0C93B580-099B-405A-BC26-7CF2031601D7}.Release|Any CPU.Build.0 = Release|Any CPU
		{698B5D91-32D5-4A98-A28A-8DF2A621B01D}.Debug|Any CPU.ActiveCfg = Debug|Any CPU
		{698B5D91-32D5-4A98-A28A-8DF2A621B01D}.Debug|Any CPU.Build.0 = Debug|Any CPU
		{698B5D91-32D5-4A98-A28A-8DF2A621B01D}.Release|Any CPU.ActiveCfg = Release|Any CPU
		{698B5D91-32D5-4A98-A28A-8DF2A621B01D}.Release|Any CPU.Build.0 = Release|Any CPU
		{30F444F6-9CA3-43F4-AB74-5AE909C35D21}.Debug|Any CPU.ActiveCfg = Debug|Any CPU
		{30F444F6-9CA3-43F4-AB74-5AE909C35D21}.Debug|Any CPU.Build.0 = Debug|Any CPU
		{30F444F6-9CA3-43F4-AB74-5AE909C35D21}.Release|Any CPU.ActiveCfg = Release|Any CPU
		{30F444F6-9CA3-43F4-AB74-5AE909C35D21}.Release|Any CPU.Build.0 = Release|Any CPU
		{DB875100-2F3B-493A-9630-AB02F7529C49}.Debug|Any CPU.ActiveCfg = Debug|Any CPU
		{DB875100-2F3B-493A-9630-AB02F7529C49}.Debug|Any CPU.Build.0 = Debug|Any CPU
		{DB875100-2F3B-493A-9630-AB02F7529C49}.Release|Any CPU.ActiveCfg = Release|Any CPU
		{DB875100-2F3B-493A-9630-AB02F7529C49}.Release|Any CPU.Build.0 = Release|Any CPU
	EndGlobalSection
	GlobalSection(SolutionProperties) = preSolution
		HideSolutionNode = FALSE
	EndGlobalSection
	GlobalSection(NestedProjects) = preSolution
		{110EBD53-72AB-4FAD-B01C-8DFED60D1FE7} = {5064D873-5CC4-486D-A13E-CC92807DDACC}
		{D285AAF4-250D-4941-880D-8473E7334F4B} = {2CCDDB0F-0523-4D86-977B-5EF68C1E9D66}
		{7B29907D-7143-4BD4-A904-AFDAD63BAB3F} = {5064D873-5CC4-486D-A13E-CC92807DDACC}
		{6A4C1C81-EF0F-48FD-BE75-64E84683DF4B} = {5064D873-5CC4-486D-A13E-CC92807DDACC}
		{ECDDD365-5F70-464F-93AE-1ACACD38C56F} = {5064D873-5CC4-486D-A13E-CC92807DDACC}
		{0C93B580-099B-405A-BC26-7CF2031601D7} = {F7486B40-DA80-4473-9529-58562AF42B8F}
		{698B5D91-32D5-4A98-A28A-8DF2A621B01D} = {5064D873-5CC4-486D-A13E-CC92807DDACC}
		{30F444F6-9CA3-43F4-AB74-5AE909C35D21} = {5064D873-5CC4-486D-A13E-CC92807DDACC}
		{DB875100-2F3B-493A-9630-AB02F7529C49} = {FF9E5EEA-7898-4773-96C6-1C0FE5A3FDA0}
	EndGlobalSection
	GlobalSection(ExtensibilityGlobals) = postSolution
		SolutionGuid = {1D7F82F2-4573-42F6-B18E-9E8B9591B799}
	EndGlobalSection
EndGlobal
